// !$*UTF8*$!
{
	archiveVersion = 1;
	classes = {
	};
	objectVersion = 46;
	objects = {

/* Begin PBXBuildFile section */
		0856FD8D1F3316BE00BC9BA3 /* JHTabBarViewController.m in Sources */ = {isa = PBXBuildFile; fileRef = 0856FD8C1F3316BE00BC9BA3 /* JHTabBarViewController.m */; };
		0856FD901F33172E00BC9BA3 /* JHNavigationController.m in Sources */ = {isa = PBXBuildFile; fileRef = 0856FD8F1F33172E00BC9BA3 /* JHNavigationController.m */; };
		0856FD931F33182800BC9BA3 /* JHTabBar.m in Sources */ = {isa = PBXBuildFile; fileRef = 0856FD921F33182800BC9BA3 /* JHTabBar.m */; };
		08AE3D0F1F629D5E00FC1381 /* NSString+JHCaculationOfStringFormula.m in Sources */ = {isa = PBXBuildFile; fileRef = 08AE3CB41F629D5E00FC1381 /* NSString+JHCaculationOfStringFormula.m */; };
		08AE3D101F629D5E00FC1381 /* UIImage+ScreenShot.m in Sources */ = {isa = PBXBuildFile; fileRef = 08AE3CB61F629D5E00FC1381 /* UIImage+ScreenShot.m */; };
		08AE3D111F629D5E00FC1381 /* UIActivityIndicatorView+JHCategory.m in Sources */ = {isa = PBXBuildFile; fileRef = 08AE3CBB1F629D5E00FC1381 /* UIActivityIndicatorView+JHCategory.m */; };
		08AE3D121F629D5E00FC1381 /* UIAlertController+JHCategory.m in Sources */ = {isa = PBXBuildFile; fileRef = 08AE3CBD1F629D5E00FC1381 /* UIAlertController+JHCategory.m */; };
		08AE3D131F629D5E00FC1381 /* UIButton+JHCategory.m in Sources */ = {isa = PBXBuildFile; fileRef = 08AE3CBF1F629D5E00FC1381 /* UIButton+JHCategory.m */; };
		08AE3D141F629D5E00FC1381 /* UIColor+JHCategory.m in Sources */ = {isa = PBXBuildFile; fileRef = 08AE3CC11F629D5E00FC1381 /* UIColor+JHCategory.m */; };
		08AE3D151F629D5E00FC1381 /* UIFont+JHCategory.m in Sources */ = {isa = PBXBuildFile; fileRef = 08AE3CC31F629D5E00FC1381 /* UIFont+JHCategory.m */; };
		08AE3D161F629D5E00FC1381 /* UIImageView+JHCategory.m in Sources */ = {isa = PBXBuildFile; fileRef = 08AE3CC51F629D5E00FC1381 /* UIImageView+JHCategory.m */; };
		08AE3D171F629D5E00FC1381 /* UILabel+JHCategory.m in Sources */ = {isa = PBXBuildFile; fileRef = 08AE3CC71F629D5E00FC1381 /* UILabel+JHCategory.m */; };
		08AE3D181F629D5E00FC1381 /* UIScrollView+JHCategory.m in Sources */ = {isa = PBXBuildFile; fileRef = 08AE3CC91F629D5E00FC1381 /* UIScrollView+JHCategory.m */; };
		08AE3D191F629D5E00FC1381 /* UISwitch+JHCategory.m in Sources */ = {isa = PBXBuildFile; fileRef = 08AE3CCB1F629D5E00FC1381 /* UISwitch+JHCategory.m */; };
		08AE3D1A1F629D5E00FC1381 /* UITableView+JHCategory.m in Sources */ = {isa = PBXBuildFile; fileRef = 08AE3CCD1F629D5E00FC1381 /* UITableView+JHCategory.m */; };
		08AE3D1B1F629D5E00FC1381 /* UITextField+JHCategory.m in Sources */ = {isa = PBXBuildFile; fileRef = 08AE3CCF1F629D5E00FC1381 /* UITextField+JHCategory.m */; };
		08AE3D1C1F629D5E00FC1381 /* UITextView+JHCategory.m in Sources */ = {isa = PBXBuildFile; fileRef = 08AE3CD11F629D5E00FC1381 /* UITextView+JHCategory.m */; };
		08AE3D1D1F629D5E00FC1381 /* UIView+JHAutoLayoutCategory.m in Sources */ = {isa = PBXBuildFile; fileRef = 08AE3CD31F629D5E00FC1381 /* UIView+JHAutoLayoutCategory.m */; };
		08AE3D1E1F629D5E00FC1381 /* UIView+JHCategory.m in Sources */ = {isa = PBXBuildFile; fileRef = 08AE3CD51F629D5E00FC1381 /* UIView+JHCategory.m */; };
		08AE3D1F1F629D5E00FC1381 /* UIView+JHDrawCategory.m in Sources */ = {isa = PBXBuildFile; fileRef = 08AE3CD71F629D5E00FC1381 /* UIView+JHDrawCategory.m */; };
		08AE3D201F629D5E00FC1381 /* UIView+JHRectCategory.m in Sources */ = {isa = PBXBuildFile; fileRef = 08AE3CD91F629D5E00FC1381 /* UIView+JHRectCategory.m */; };
		08AE3D211F629D5E00FC1381 /* JHFileManager.m in Sources */ = {isa = PBXBuildFile; fileRef = 08AE3CDE1F629D5E00FC1381 /* JHFileManager.m */; };
		08AE3D221F629D5E00FC1381 /* JHLocationManager.m in Sources */ = {isa = PBXBuildFile; fileRef = 08AE3CE11F629D5E00FC1381 /* JHLocationManager.m */; };
		08AE3D231F629D5E00FC1381 /* JHPhotoChangeManager.m in Sources */ = {isa = PBXBuildFile; fileRef = 08AE3CE41F629D5E00FC1381 /* JHPhotoChangeManager.m */; };
		08AE3D241F629D5E00FC1381 /* JHActionSheetViewController.m in Sources */ = {isa = PBXBuildFile; fileRef = 08AE3CE81F629D5E00FC1381 /* JHActionSheetViewController.m */; };
		08AE3D251F629D5E00FC1381 /* JHAlertView.m in Sources */ = {isa = PBXBuildFile; fileRef = 08AE3CEB1F629D5E00FC1381 /* JHAlertView.m */; };
		08AE3D261F629D5E00FC1381 /* JHBaseChildVC.m in Sources */ = {isa = PBXBuildFile; fileRef = 08AE3CEE1F629D5E00FC1381 /* JHBaseChildVC.m */; };
		08AE3D271F629D5E00FC1381 /* JHCircleView.m in Sources */ = {isa = PBXBuildFile; fileRef = 08AE3CF11F629D5E00FC1381 /* JHCircleView.m */; };
		08AE3D281F629D5E00FC1381 /* JHGradualProgressView.m in Sources */ = {isa = PBXBuildFile; fileRef = 08AE3CF41F629D5E00FC1381 /* JHGradualProgressView.m */; };
		08AE3D291F629D5E00FC1381 /* JHGuidePageView.m in Sources */ = {isa = PBXBuildFile; fileRef = 08AE3CF71F629D5E00FC1381 /* JHGuidePageView.m */; };
		08AE3D2A1F629D5E00FC1381 /* JHHolderTextView.m in Sources */ = {isa = PBXBuildFile; fileRef = 08AE3CFA1F629D5E00FC1381 /* JHHolderTextView.m */; };
		08AE3D2B1F629D5E00FC1381 /* JHImageClipView.m in Sources */ = {isa = PBXBuildFile; fileRef = 08AE3CFD1F629D5E00FC1381 /* JHImageClipView.m */; };
		08AE3D2C1F629D5E00FC1381 /* JHScrollLabel.m in Sources */ = {isa = PBXBuildFile; fileRef = 08AE3D001F629D5E00FC1381 /* JHScrollLabel.m */; };
		08AE3D2D1F629D5E00FC1381 /* JHSuggestionView.m in Sources */ = {isa = PBXBuildFile; fileRef = 08AE3D031F629D5E00FC1381 /* JHSuggestionView.m */; };
		08AE3D2E1F629D5E00FC1381 /* JHTableViewCell.m in Sources */ = {isa = PBXBuildFile; fileRef = 08AE3D061F629D5E00FC1381 /* JHTableViewCell.m */; };
		08AE3D2F1F629D5E00FC1381 /* JHTopSlideInputVC.m in Sources */ = {isa = PBXBuildFile; fileRef = 08AE3D091F629D5E00FC1381 /* JHTopSlideInputVC.m */; };
		08AE3D301F629D5E00FC1381 /* JHFoundationKit.m in Sources */ = {isa = PBXBuildFile; fileRef = 08AE3D0B1F629D5E00FC1381 /* JHFoundationKit.m */; };
		08AE3D311F629D5E00FC1381 /* JHUIKit.m in Sources */ = {isa = PBXBuildFile; fileRef = 08AE3D0D1F629D5E00FC1381 /* JHUIKit.m */; };
		08C6D30A1DF1797B00EB8C11 /* main.m in Sources */ = {isa = PBXBuildFile; fileRef = 08C6D3091DF1797B00EB8C11 /* main.m */; };
		08C6D30D1DF1797B00EB8C11 /* AppDelegate.m in Sources */ = {isa = PBXBuildFile; fileRef = 08C6D30C1DF1797B00EB8C11 /* AppDelegate.m */; };
		08C6D3101DF1797B00EB8C11 /* ViewController.m in Sources */ = {isa = PBXBuildFile; fileRef = 08C6D30F1DF1797B00EB8C11 /* ViewController.m */; };
		08C6D3131DF1797B00EB8C11 /* Main.storyboard in Resources */ = {isa = PBXBuildFile; fileRef = 08C6D3111DF1797B00EB8C11 /* Main.storyboard */; };
		08C6D3151DF1797B00EB8C11 /* Assets.xcassets in Resources */ = {isa = PBXBuildFile; fileRef = 08C6D3141DF1797B00EB8C11 /* Assets.xcassets */; };
		08C6D3181DF1797B00EB8C11 /* LaunchScreen.storyboard in Resources */ = {isa = PBXBuildFile; fileRef = 08C6D3161DF1797B00EB8C11 /* LaunchScreen.storyboard */; };
		08C6D3231DF1797C00EB8C11 /* JHAutoLayoutTests.m in Sources */ = {isa = PBXBuildFile; fileRef = 08C6D3221DF1797C00EB8C11 /* JHAutoLayoutTests.m */; };
		08C6D3311DF179B000EB8C11 /* SecondViewController.m in Sources */ = {isa = PBXBuildFile; fileRef = 08C6D32E1DF179B000EB8C11 /* SecondViewController.m */; };
/* End PBXBuildFile section */

/* Begin PBXContainerItemProxy section */
		08C6D31F1DF1797C00EB8C11 /* PBXContainerItemProxy */ = {
			isa = PBXContainerItemProxy;
			containerPortal = 08C6D2FD1DF1797A00EB8C11 /* Project object */;
			proxyType = 1;
			remoteGlobalIDString = 08C6D3041DF1797A00EB8C11;
			remoteInfo = JHAutoLayout;
		};
/* End PBXContainerItemProxy section */

/* Begin PBXFileReference section */
		0856FD8B1F3316BE00BC9BA3 /* JHTabBarViewController.h */ = {isa = PBXFileReference; fileEncoding = 4; lastKnownFileType = sourcecode.c.h; path = JHTabBarViewController.h; sourceTree = "<group>"; };
		0856FD8C1F3316BE00BC9BA3 /* JHTabBarViewController.m */ = {isa = PBXFileReference; fileEncoding = 4; lastKnownFileType = sourcecode.c.objc; path = JHTabBarViewController.m; sourceTree = "<group>"; };
		0856FD8E1F33172E00BC9BA3 /* JHNavigationController.h */ = {isa = PBXFileReference; fileEncoding = 4; lastKnownFileType = sourcecode.c.h; path = JHNavigationController.h; sourceTree = "<group>"; };
		0856FD8F1F33172E00BC9BA3 /* JHNavigationController.m */ = {isa = PBXFileReference; fileEncoding = 4; lastKnownFileType = sourcecode.c.objc; path = JHNavigationController.m; sourceTree = "<group>"; };
		0856FD911F33182800BC9BA3 /* JHTabBar.h */ = {isa = PBXFileReference; fileEncoding = 4; lastKnownFileType = sourcecode.c.h; path = JHTabBar.h; sourceTree = "<group>"; };
		0856FD921F33182800BC9BA3 /* JHTabBar.m */ = {isa = PBXFileReference; fileEncoding = 4; lastKnownFileType = sourcecode.c.objc; path = JHTabBar.m; sourceTree = "<group>"; };
		08AE3CB31F629D5E00FC1381 /* NSString+JHCaculationOfStringFormula.h */ = {isa = PBXFileReference; fileEncoding = 4; lastKnownFileType = sourcecode.c.h; path = "NSString+JHCaculationOfStringFormula.h"; sourceTree = "<group>"; };
		08AE3CB41F629D5E00FC1381 /* NSString+JHCaculationOfStringFormula.m */ = {isa = PBXFileReference; fileEncoding = 4; lastKnownFileType = sourcecode.c.objc; path = "NSString+JHCaculationOfStringFormula.m"; sourceTree = "<group>"; };
		08AE3CB51F629D5E00FC1381 /* UIImage+ScreenShot.h */ = {isa = PBXFileReference; fileEncoding = 4; lastKnownFileType = sourcecode.c.h; path = "UIImage+ScreenShot.h"; sourceTree = "<group>"; };
		08AE3CB61F629D5E00FC1381 /* UIImage+ScreenShot.m */ = {isa = PBXFileReference; fileEncoding = 4; lastKnownFileType = sourcecode.c.objc; path = "UIImage+ScreenShot.m"; sourceTree = "<group>"; };
		08AE3CB71F629D5E00FC1381 /* JHCategories.h */ = {isa = PBXFileReference; fileEncoding = 4; lastKnownFileType = sourcecode.c.h; path = JHCategories.h; sourceTree = "<group>"; };
		08AE3CB91F629D5E00FC1381 /* JHCategoriesDeifne.h */ = {isa = PBXFileReference; fileEncoding = 4; lastKnownFileType = sourcecode.c.h; path = JHCategoriesDeifne.h; sourceTree = "<group>"; };
		08AE3CBA1F629D5E00FC1381 /* UIActivityIndicatorView+JHCategory.h */ = {isa = PBXFileReference; fileEncoding = 4; lastKnownFileType = sourcecode.c.h; path = "UIActivityIndicatorView+JHCategory.h"; sourceTree = "<group>"; };
		08AE3CBB1F629D5E00FC1381 /* UIActivityIndicatorView+JHCategory.m */ = {isa = PBXFileReference; fileEncoding = 4; lastKnownFileType = sourcecode.c.objc; path = "UIActivityIndicatorView+JHCategory.m"; sourceTree = "<group>"; };
		08AE3CBC1F629D5E00FC1381 /* UIAlertController+JHCategory.h */ = {isa = PBXFileReference; fileEncoding = 4; lastKnownFileType = sourcecode.c.h; path = "UIAlertController+JHCategory.h"; sourceTree = "<group>"; };
		08AE3CBD1F629D5E00FC1381 /* UIAlertController+JHCategory.m */ = {isa = PBXFileReference; fileEncoding = 4; lastKnownFileType = sourcecode.c.objc; path = "UIAlertController+JHCategory.m"; sourceTree = "<group>"; };
		08AE3CBE1F629D5E00FC1381 /* UIButton+JHCategory.h */ = {isa = PBXFileReference; fileEncoding = 4; lastKnownFileType = sourcecode.c.h; path = "UIButton+JHCategory.h"; sourceTree = "<group>"; };
		08AE3CBF1F629D5E00FC1381 /* UIButton+JHCategory.m */ = {isa = PBXFileReference; fileEncoding = 4; lastKnownFileType = sourcecode.c.objc; path = "UIButton+JHCategory.m"; sourceTree = "<group>"; };
		08AE3CC01F629D5E00FC1381 /* UIColor+JHCategory.h */ = {isa = PBXFileReference; fileEncoding = 4; lastKnownFileType = sourcecode.c.h; path = "UIColor+JHCategory.h"; sourceTree = "<group>"; };
		08AE3CC11F629D5E00FC1381 /* UIColor+JHCategory.m */ = {isa = PBXFileReference; fileEncoding = 4; lastKnownFileType = sourcecode.c.objc; path = "UIColor+JHCategory.m"; sourceTree = "<group>"; };
		08AE3CC21F629D5E00FC1381 /* UIFont+JHCategory.h */ = {isa = PBXFileReference; fileEncoding = 4; lastKnownFileType = sourcecode.c.h; path = "UIFont+JHCategory.h"; sourceTree = "<group>"; };
		08AE3CC31F629D5E00FC1381 /* UIFont+JHCategory.m */ = {isa = PBXFileReference; fileEncoding = 4; lastKnownFileType = sourcecode.c.objc; path = "UIFont+JHCategory.m"; sourceTree = "<group>"; };
		08AE3CC41F629D5E00FC1381 /* UIImageView+JHCategory.h */ = {isa = PBXFileReference; fileEncoding = 4; lastKnownFileType = sourcecode.c.h; path = "UIImageView+JHCategory.h"; sourceTree = "<group>"; };
		08AE3CC51F629D5E00FC1381 /* UIImageView+JHCategory.m */ = {isa = PBXFileReference; fileEncoding = 4; lastKnownFileType = sourcecode.c.objc; path = "UIImageView+JHCategory.m"; sourceTree = "<group>"; };
		08AE3CC61F629D5E00FC1381 /* UILabel+JHCategory.h */ = {isa = PBXFileReference; fileEncoding = 4; lastKnownFileType = sourcecode.c.h; path = "UILabel+JHCategory.h"; sourceTree = "<group>"; };
		08AE3CC71F629D5E00FC1381 /* UILabel+JHCategory.m */ = {isa = PBXFileReference; fileEncoding = 4; lastKnownFileType = sourcecode.c.objc; path = "UILabel+JHCategory.m"; sourceTree = "<group>"; };
		08AE3CC81F629D5E00FC1381 /* UIScrollView+JHCategory.h */ = {isa = PBXFileReference; fileEncoding = 4; lastKnownFileType = sourcecode.c.h; path = "UIScrollView+JHCategory.h"; sourceTree = "<group>"; };
		08AE3CC91F629D5E00FC1381 /* UIScrollView+JHCategory.m */ = {isa = PBXFileReference; fileEncoding = 4; lastKnownFileType = sourcecode.c.objc; path = "UIScrollView+JHCategory.m"; sourceTree = "<group>"; };
		08AE3CCA1F629D5E00FC1381 /* UISwitch+JHCategory.h */ = {isa = PBXFileReference; fileEncoding = 4; lastKnownFileType = sourcecode.c.h; path = "UISwitch+JHCategory.h"; sourceTree = "<group>"; };
		08AE3CCB1F629D5E00FC1381 /* UISwitch+JHCategory.m */ = {isa = PBXFileReference; fileEncoding = 4; lastKnownFileType = sourcecode.c.objc; path = "UISwitch+JHCategory.m"; sourceTree = "<group>"; };
		08AE3CCC1F629D5E00FC1381 /* UITableView+JHCategory.h */ = {isa = PBXFileReference; fileEncoding = 4; lastKnownFileType = sourcecode.c.h; path = "UITableView+JHCategory.h"; sourceTree = "<group>"; };
		08AE3CCD1F629D5E00FC1381 /* UITableView+JHCategory.m */ = {isa = PBXFileReference; fileEncoding = 4; lastKnownFileType = sourcecode.c.objc; path = "UITableView+JHCategory.m"; sourceTree = "<group>"; };
		08AE3CCE1F629D5E00FC1381 /* UITextField+JHCategory.h */ = {isa = PBXFileReference; fileEncoding = 4; lastKnownFileType = sourcecode.c.h; path = "UITextField+JHCategory.h"; sourceTree = "<group>"; };
		08AE3CCF1F629D5E00FC1381 /* UITextField+JHCategory.m */ = {isa = PBXFileReference; fileEncoding = 4; lastKnownFileType = sourcecode.c.objc; path = "UITextField+JHCategory.m"; sourceTree = "<group>"; };
		08AE3CD01F629D5E00FC1381 /* UITextView+JHCategory.h */ = {isa = PBXFileReference; fileEncoding = 4; lastKnownFileType = sourcecode.c.h; path = "UITextView+JHCategory.h"; sourceTree = "<group>"; };
		08AE3CD11F629D5E00FC1381 /* UITextView+JHCategory.m */ = {isa = PBXFileReference; fileEncoding = 4; lastKnownFileType = sourcecode.c.objc; path = "UITextView+JHCategory.m"; sourceTree = "<group>"; };
		08AE3CD21F629D5E00FC1381 /* UIView+JHAutoLayoutCategory.h */ = {isa = PBXFileReference; fileEncoding = 4; lastKnownFileType = sourcecode.c.h; path = "UIView+JHAutoLayoutCategory.h"; sourceTree = "<group>"; };
		08AE3CD31F629D5E00FC1381 /* UIView+JHAutoLayoutCategory.m */ = {isa = PBXFileReference; fileEncoding = 4; lastKnownFileType = sourcecode.c.objc; path = "UIView+JHAutoLayoutCategory.m"; sourceTree = "<group>"; };
		08AE3CD41F629D5E00FC1381 /* UIView+JHCategory.h */ = {isa = PBXFileReference; fileEncoding = 4; lastKnownFileType = sourcecode.c.h; path = "UIView+JHCategory.h"; sourceTree = "<group>"; };
		08AE3CD51F629D5E00FC1381 /* UIView+JHCategory.m */ = {isa = PBXFileReference; fileEncoding = 4; lastKnownFileType = sourcecode.c.objc; path = "UIView+JHCategory.m"; sourceTree = "<group>"; };
		08AE3CD61F629D5E00FC1381 /* UIView+JHDrawCategory.h */ = {isa = PBXFileReference; fileEncoding = 4; lastKnownFileType = sourcecode.c.h; path = "UIView+JHDrawCategory.h"; sourceTree = "<group>"; };
		08AE3CD71F629D5E00FC1381 /* UIView+JHDrawCategory.m */ = {isa = PBXFileReference; fileEncoding = 4; lastKnownFileType = sourcecode.c.objc; path = "UIView+JHDrawCategory.m"; sourceTree = "<group>"; };
		08AE3CD81F629D5E00FC1381 /* UIView+JHRectCategory.h */ = {isa = PBXFileReference; fileEncoding = 4; lastKnownFileType = sourcecode.c.h; path = "UIView+JHRectCategory.h"; sourceTree = "<group>"; };
		08AE3CD91F629D5E00FC1381 /* UIView+JHRectCategory.m */ = {isa = PBXFileReference; fileEncoding = 4; lastKnownFileType = sourcecode.c.objc; path = "UIView+JHRectCategory.m"; sourceTree = "<group>"; };
		08AE3CDD1F629D5E00FC1381 /* JHFileManager.h */ = {isa = PBXFileReference; fileEncoding = 4; lastKnownFileType = sourcecode.c.h; path = JHFileManager.h; sourceTree = "<group>"; };
		08AE3CDE1F629D5E00FC1381 /* JHFileManager.m */ = {isa = PBXFileReference; fileEncoding = 4; lastKnownFileType = sourcecode.c.objc; path = JHFileManager.m; sourceTree = "<group>"; };
		08AE3CE01F629D5E00FC1381 /* JHLocationManager.h */ = {isa = PBXFileReference; fileEncoding = 4; lastKnownFileType = sourcecode.c.h; path = JHLocationManager.h; sourceTree = "<group>"; };
		08AE3CE11F629D5E00FC1381 /* JHLocationManager.m */ = {isa = PBXFileReference; fileEncoding = 4; lastKnownFileType = sourcecode.c.objc; path = JHLocationManager.m; sourceTree = "<group>"; };
		08AE3CE31F629D5E00FC1381 /* JHPhotoChangeManager.h */ = {isa = PBXFileReference; fileEncoding = 4; lastKnownFileType = sourcecode.c.h; path = JHPhotoChangeManager.h; sourceTree = "<group>"; };
		08AE3CE41F629D5E00FC1381 /* JHPhotoChangeManager.m */ = {isa = PBXFileReference; fileEncoding = 4; lastKnownFileType = sourcecode.c.objc; path = JHPhotoChangeManager.m; sourceTree = "<group>"; };
		08AE3CE71F629D5E00FC1381 /* JHActionSheetViewController.h */ = {isa = PBXFileReference; fileEncoding = 4; lastKnownFileType = sourcecode.c.h; path = JHActionSheetViewController.h; sourceTree = "<group>"; };
		08AE3CE81F629D5E00FC1381 /* JHActionSheetViewController.m */ = {isa = PBXFileReference; fileEncoding = 4; lastKnownFileType = sourcecode.c.objc; path = JHActionSheetViewController.m; sourceTree = "<group>"; };
		08AE3CEA1F629D5E00FC1381 /* JHAlertView.h */ = {isa = PBXFileReference; fileEncoding = 4; lastKnownFileType = sourcecode.c.h; path = JHAlertView.h; sourceTree = "<group>"; };
		08AE3CEB1F629D5E00FC1381 /* JHAlertView.m */ = {isa = PBXFileReference; fileEncoding = 4; lastKnownFileType = sourcecode.c.objc; path = JHAlertView.m; sourceTree = "<group>"; };
		08AE3CED1F629D5E00FC1381 /* JHBaseChildVC.h */ = {isa = PBXFileReference; fileEncoding = 4; lastKnownFileType = sourcecode.c.h; path = JHBaseChildVC.h; sourceTree = "<group>"; };
		08AE3CEE1F629D5E00FC1381 /* JHBaseChildVC.m */ = {isa = PBXFileReference; fileEncoding = 4; lastKnownFileType = sourcecode.c.objc; path = JHBaseChildVC.m; sourceTree = "<group>"; };
		08AE3CF01F629D5E00FC1381 /* JHCircleView.h */ = {isa = PBXFileReference; fileEncoding = 4; lastKnownFileType = sourcecode.c.h; path = JHCircleView.h; sourceTree = "<group>"; };
		08AE3CF11F629D5E00FC1381 /* JHCircleView.m */ = {isa = PBXFileReference; fileEncoding = 4; lastKnownFileType = sourcecode.c.objc; path = JHCircleView.m; sourceTree = "<group>"; };
		08AE3CF31F629D5E00FC1381 /* JHGradualProgressView.h */ = {isa = PBXFileReference; fileEncoding = 4; lastKnownFileType = sourcecode.c.h; path = JHGradualProgressView.h; sourceTree = "<group>"; };
		08AE3CF41F629D5E00FC1381 /* JHGradualProgressView.m */ = {isa = PBXFileReference; fileEncoding = 4; lastKnownFileType = sourcecode.c.objc; path = JHGradualProgressView.m; sourceTree = "<group>"; };
		08AE3CF61F629D5E00FC1381 /* JHGuidePageView.h */ = {isa = PBXFileReference; fileEncoding = 4; lastKnownFileType = sourcecode.c.h; path = JHGuidePageView.h; sourceTree = "<group>"; };
		08AE3CF71F629D5E00FC1381 /* JHGuidePageView.m */ = {isa = PBXFileReference; fileEncoding = 4; lastKnownFileType = sourcecode.c.objc; path = JHGuidePageView.m; sourceTree = "<group>"; };
		08AE3CF91F629D5E00FC1381 /* JHHolderTextView.h */ = {isa = PBXFileReference; fileEncoding = 4; lastKnownFileType = sourcecode.c.h; path = JHHolderTextView.h; sourceTree = "<group>"; };
		08AE3CFA1F629D5E00FC1381 /* JHHolderTextView.m */ = {isa = PBXFileReference; fileEncoding = 4; lastKnownFileType = sourcecode.c.objc; path = JHHolderTextView.m; sourceTree = "<group>"; };
		08AE3CFC1F629D5E00FC1381 /* JHImageClipView.h */ = {isa = PBXFileReference; fileEncoding = 4; lastKnownFileType = sourcecode.c.h; path = JHImageClipView.h; sourceTree = "<group>"; };
		08AE3CFD1F629D5E00FC1381 /* JHImageClipView.m */ = {isa = PBXFileReference; fileEncoding = 4; lastKnownFileType = sourcecode.c.objc; path = JHImageClipView.m; sourceTree = "<group>"; };
		08AE3CFF1F629D5E00FC1381 /* JHScrollLabel.h */ = {isa = PBXFileReference; fileEncoding = 4; lastKnownFileType = sourcecode.c.h; path = JHScrollLabel.h; sourceTree = "<group>"; };
		08AE3D001F629D5E00FC1381 /* JHScrollLabel.m */ = {isa = PBXFileReference; fileEncoding = 4; lastKnownFileType = sourcecode.c.objc; path = JHScrollLabel.m; sourceTree = "<group>"; };
		08AE3D021F629D5E00FC1381 /* JHSuggestionView.h */ = {isa = PBXFileReference; fileEncoding = 4; lastKnownFileType = sourcecode.c.h; path = JHSuggestionView.h; sourceTree = "<group>"; };
		08AE3D031F629D5E00FC1381 /* JHSuggestionView.m */ = {isa = PBXFileReference; fileEncoding = 4; lastKnownFileType = sourcecode.c.objc; path = JHSuggestionView.m; sourceTree = "<group>"; };
		08AE3D051F629D5E00FC1381 /* JHTableViewCell.h */ = {isa = PBXFileReference; fileEncoding = 4; lastKnownFileType = sourcecode.c.h; path = JHTableViewCell.h; sourceTree = "<group>"; };
		08AE3D061F629D5E00FC1381 /* JHTableViewCell.m */ = {isa = PBXFileReference; fileEncoding = 4; lastKnownFileType = sourcecode.c.objc; path = JHTableViewCell.m; sourceTree = "<group>"; };
		08AE3D081F629D5E00FC1381 /* JHTopSlideInputVC.h */ = {isa = PBXFileReference; fileEncoding = 4; lastKnownFileType = sourcecode.c.h; path = JHTopSlideInputVC.h; sourceTree = "<group>"; };
		08AE3D091F629D5E00FC1381 /* JHTopSlideInputVC.m */ = {isa = PBXFileReference; fileEncoding = 4; lastKnownFileType = sourcecode.c.objc; path = JHTopSlideInputVC.m; sourceTree = "<group>"; };
		08AE3D0A1F629D5E00FC1381 /* JHFoundationKit.h */ = {isa = PBXFileReference; fileEncoding = 4; lastKnownFileType = sourcecode.c.h; path = JHFoundationKit.h; sourceTree = "<group>"; };
		08AE3D0B1F629D5E00FC1381 /* JHFoundationKit.m */ = {isa = PBXFileReference; fileEncoding = 4; lastKnownFileType = sourcecode.c.objc; path = JHFoundationKit.m; sourceTree = "<group>"; };
		08AE3D0C1F629D5E00FC1381 /* JHUIKit.h */ = {isa = PBXFileReference; fileEncoding = 4; lastKnownFileType = sourcecode.c.h; path = JHUIKit.h; sourceTree = "<group>"; };
		08AE3D0D1F629D5E00FC1381 /* JHUIKit.m */ = {isa = PBXFileReference; fileEncoding = 4; lastKnownFileType = sourcecode.c.objc; path = JHUIKit.m; sourceTree = "<group>"; };
		08AE3D0E1F629D5E00FC1381 /* JHKit.h */ = {isa = PBXFileReference; fileEncoding = 4; lastKnownFileType = sourcecode.c.h; path = JHKit.h; sourceTree = "<group>"; };
		08C6D3051DF1797A00EB8C11 /* JHAutoLayout.app */ = {isa = PBXFileReference; explicitFileType = wrapper.application; includeInIndex = 0; path = JHAutoLayout.app; sourceTree = BUILT_PRODUCTS_DIR; };
		08C6D3091DF1797B00EB8C11 /* main.m */ = {isa = PBXFileReference; lastKnownFileType = sourcecode.c.objc; path = main.m; sourceTree = "<group>"; };
		08C6D30B1DF1797B00EB8C11 /* AppDelegate.h */ = {isa = PBXFileReference; lastKnownFileType = sourcecode.c.h; path = AppDelegate.h; sourceTree = "<group>"; };
		08C6D30C1DF1797B00EB8C11 /* AppDelegate.m */ = {isa = PBXFileReference; lastKnownFileType = sourcecode.c.objc; path = AppDelegate.m; sourceTree = "<group>"; };
		08C6D30E1DF1797B00EB8C11 /* ViewController.h */ = {isa = PBXFileReference; lastKnownFileType = sourcecode.c.h; path = ViewController.h; sourceTree = "<group>"; };
		08C6D30F1DF1797B00EB8C11 /* ViewController.m */ = {isa = PBXFileReference; lastKnownFileType = sourcecode.c.objc; path = ViewController.m; sourceTree = "<group>"; };
		08C6D3121DF1797B00EB8C11 /* Base */ = {isa = PBXFileReference; lastKnownFileType = file.storyboard; name = Base; path = Base.lproj/Main.storyboard; sourceTree = "<group>"; };
		08C6D3141DF1797B00EB8C11 /* Assets.xcassets */ = {isa = PBXFileReference; lastKnownFileType = folder.assetcatalog; path = Assets.xcassets; sourceTree = "<group>"; };
		08C6D3171DF1797B00EB8C11 /* Base */ = {isa = PBXFileReference; lastKnownFileType = file.storyboard; name = Base; path = Base.lproj/LaunchScreen.storyboard; sourceTree = "<group>"; };
		08C6D3191DF1797B00EB8C11 /* Info.plist */ = {isa = PBXFileReference; lastKnownFileType = text.plist.xml; path = Info.plist; sourceTree = "<group>"; };
		08C6D31E1DF1797C00EB8C11 /* JHAutoLayoutTests.xctest */ = {isa = PBXFileReference; explicitFileType = wrapper.cfbundle; includeInIndex = 0; path = JHAutoLayoutTests.xctest; sourceTree = BUILT_PRODUCTS_DIR; };
		08C6D3221DF1797C00EB8C11 /* JHAutoLayoutTests.m */ = {isa = PBXFileReference; lastKnownFileType = sourcecode.c.objc; path = JHAutoLayoutTests.m; sourceTree = "<group>"; };
		08C6D3241DF1797C00EB8C11 /* Info.plist */ = {isa = PBXFileReference; lastKnownFileType = text.plist.xml; path = Info.plist; sourceTree = "<group>"; };
		08C6D32D1DF179B000EB8C11 /* SecondViewController.h */ = {isa = PBXFileReference; fileEncoding = 4; lastKnownFileType = sourcecode.c.h; path = SecondViewController.h; sourceTree = "<group>"; };
		08C6D32E1DF179B000EB8C11 /* SecondViewController.m */ = {isa = PBXFileReference; fileEncoding = 4; lastKnownFileType = sourcecode.c.objc; path = SecondViewController.m; sourceTree = "<group>"; };
/* End PBXFileReference section */

/* Begin PBXFrameworksBuildPhase section */
		08C6D3021DF1797A00EB8C11 /* Frameworks */ = {
			isa = PBXFrameworksBuildPhase;
			buildActionMask = 2147483647;
			files = (
			);
			runOnlyForDeploymentPostprocessing = 0;
		};
		08C6D31B1DF1797C00EB8C11 /* Frameworks */ = {
			isa = PBXFrameworksBuildPhase;
			buildActionMask = 2147483647;
			files = (
			);
			runOnlyForDeploymentPostprocessing = 0;
		};
/* End PBXFrameworksBuildPhase section */

/* Begin PBXGroup section */
		08AE3CAF1F629D5E00FC1381 /* JHKit */ = {
			isa = PBXGroup;
			children = (
				08AE3CB01F629D5E00FC1381 /* JHKit */,
				08AE3D0E1F629D5E00FC1381 /* JHKit.h */,
			);
			path = JHKit;
			sourceTree = "<group>";
		};
		08AE3CB01F629D5E00FC1381 /* JHKit */ = {
			isa = PBXGroup;
			children = (
				08AE3CB11F629D5E00FC1381 /* JHCategories */,
				08AE3CDA1F629D5E00FC1381 /* JHClass */,
				08AE3D0A1F629D5E00FC1381 /* JHFoundationKit.h */,
				08AE3D0B1F629D5E00FC1381 /* JHFoundationKit.m */,
				08AE3D0C1F629D5E00FC1381 /* JHUIKit.h */,
				08AE3D0D1F629D5E00FC1381 /* JHUIKit.m */,
			);
			path = JHKit;
			sourceTree = "<group>";
		};
		08AE3CB11F629D5E00FC1381 /* JHCategories */ = {
			isa = PBXGroup;
			children = (
				08AE3CB21F629D5E00FC1381 /* Foundation */,
				08AE3CB71F629D5E00FC1381 /* JHCategories.h */,
				08AE3CB81F629D5E00FC1381 /* UIKit */,
			);
			path = JHCategories;
			sourceTree = "<group>";
		};
		08AE3CB21F629D5E00FC1381 /* Foundation */ = {
			isa = PBXGroup;
			children = (
				08AE3CB31F629D5E00FC1381 /* NSString+JHCaculationOfStringFormula.h */,
				08AE3CB41F629D5E00FC1381 /* NSString+JHCaculationOfStringFormula.m */,
				08AE3CB51F629D5E00FC1381 /* UIImage+ScreenShot.h */,
				08AE3CB61F629D5E00FC1381 /* UIImage+ScreenShot.m */,
			);
			path = Foundation;
			sourceTree = "<group>";
		};
		08AE3CB81F629D5E00FC1381 /* UIKit */ = {
			isa = PBXGroup;
			children = (
				08AE3CB91F629D5E00FC1381 /* JHCategoriesDeifne.h */,
				08AE3CBA1F629D5E00FC1381 /* UIActivityIndicatorView+JHCategory.h */,
				08AE3CBB1F629D5E00FC1381 /* UIActivityIndicatorView+JHCategory.m */,
				08AE3CBC1F629D5E00FC1381 /* UIAlertController+JHCategory.h */,
				08AE3CBD1F629D5E00FC1381 /* UIAlertController+JHCategory.m */,
				08AE3CBE1F629D5E00FC1381 /* UIButton+JHCategory.h */,
				08AE3CBF1F629D5E00FC1381 /* UIButton+JHCategory.m */,
				08AE3CC01F629D5E00FC1381 /* UIColor+JHCategory.h */,
				08AE3CC11F629D5E00FC1381 /* UIColor+JHCategory.m */,
				08AE3CC21F629D5E00FC1381 /* UIFont+JHCategory.h */,
				08AE3CC31F629D5E00FC1381 /* UIFont+JHCategory.m */,
				08AE3CC41F629D5E00FC1381 /* UIImageView+JHCategory.h */,
				08AE3CC51F629D5E00FC1381 /* UIImageView+JHCategory.m */,
				08AE3CC61F629D5E00FC1381 /* UILabel+JHCategory.h */,
				08AE3CC71F629D5E00FC1381 /* UILabel+JHCategory.m */,
				08AE3CC81F629D5E00FC1381 /* UIScrollView+JHCategory.h */,
				08AE3CC91F629D5E00FC1381 /* UIScrollView+JHCategory.m */,
				08AE3CCA1F629D5E00FC1381 /* UISwitch+JHCategory.h */,
				08AE3CCB1F629D5E00FC1381 /* UISwitch+JHCategory.m */,
				08AE3CCC1F629D5E00FC1381 /* UITableView+JHCategory.h */,
				08AE3CCD1F629D5E00FC1381 /* UITableView+JHCategory.m */,
				08AE3CCE1F629D5E00FC1381 /* UITextField+JHCategory.h */,
				08AE3CCF1F629D5E00FC1381 /* UITextField+JHCategory.m */,
				08AE3CD01F629D5E00FC1381 /* UITextView+JHCategory.h */,
				08AE3CD11F629D5E00FC1381 /* UITextView+JHCategory.m */,
				08AE3CD21F629D5E00FC1381 /* UIView+JHAutoLayoutCategory.h */,
				08AE3CD31F629D5E00FC1381 /* UIView+JHAutoLayoutCategory.m */,
				08AE3CD41F629D5E00FC1381 /* UIView+JHCategory.h */,
				08AE3CD51F629D5E00FC1381 /* UIView+JHCategory.m */,
				08AE3CD61F629D5E00FC1381 /* UIView+JHDrawCategory.h */,
				08AE3CD71F629D5E00FC1381 /* UIView+JHDrawCategory.m */,
				08AE3CD81F629D5E00FC1381 /* UIView+JHRectCategory.h */,
				08AE3CD91F629D5E00FC1381 /* UIView+JHRectCategory.m */,
			);
			path = UIKit;
			sourceTree = "<group>";
		};
		08AE3CDA1F629D5E00FC1381 /* JHClass */ = {
			isa = PBXGroup;
			children = (
				08AE3CDB1F629D5E00FC1381 /* NS */,
				08AE3CE51F629D5E00FC1381 /* UI */,
			);
			path = JHClass;
			sourceTree = "<group>";
		};
		08AE3CDB1F629D5E00FC1381 /* NS */ = {
			isa = PBXGroup;
			children = (
				08AE3CDC1F629D5E00FC1381 /* JHFileManager */,
				08AE3CDF1F629D5E00FC1381 /* JHLocationManager */,
				08AE3CE21F629D5E00FC1381 /* JHPhotoChangeManager */,
			);
			path = NS;
			sourceTree = "<group>";
		};
		08AE3CDC1F629D5E00FC1381 /* JHFileManager */ = {
			isa = PBXGroup;
			children = (
				08AE3CDD1F629D5E00FC1381 /* JHFileManager.h */,
				08AE3CDE1F629D5E00FC1381 /* JHFileManager.m */,
			);
			path = JHFileManager;
			sourceTree = "<group>";
		};
		08AE3CDF1F629D5E00FC1381 /* JHLocationManager */ = {
			isa = PBXGroup;
			children = (
				08AE3CE01F629D5E00FC1381 /* JHLocationManager.h */,
				08AE3CE11F629D5E00FC1381 /* JHLocationManager.m */,
			);
			path = JHLocationManager;
			sourceTree = "<group>";
		};
		08AE3CE21F629D5E00FC1381 /* JHPhotoChangeManager */ = {
			isa = PBXGroup;
			children = (
				08AE3CE31F629D5E00FC1381 /* JHPhotoChangeManager.h */,
				08AE3CE41F629D5E00FC1381 /* JHPhotoChangeManager.m */,
			);
			path = JHPhotoChangeManager;
			sourceTree = "<group>";
		};
		08AE3CE51F629D5E00FC1381 /* UI */ = {
			isa = PBXGroup;
			children = (
				08AE3CE61F629D5E00FC1381 /* JHActioinSheet */,
				08AE3CE91F629D5E00FC1381 /* JHAlertView */,
				08AE3CEC1F629D5E00FC1381 /* JHBaseChildVC */,
				08AE3CEF1F629D5E00FC1381 /* JHCircleView */,
				08AE3CF21F629D5E00FC1381 /* JHGradualProgressView */,
				08AE3CF51F629D5E00FC1381 /* JHGuidePageView */,
				08AE3CF81F629D5E00FC1381 /* JHHolderTextView */,
				08AE3CFB1F629D5E00FC1381 /* JHImageClipView */,
				08AE3CFE1F629D5E00FC1381 /* JHScrollLabel */,
				08AE3D011F629D5E00FC1381 /* JHSuggestionView */,
				08AE3D041F629D5E00FC1381 /* JHTableViewCell */,
				08AE3D071F629D5E00FC1381 /* JHTopSlideInputVC */,
			);
			path = UI;
			sourceTree = "<group>";
		};
		08AE3CE61F629D5E00FC1381 /* JHActioinSheet */ = {
			isa = PBXGroup;
			children = (
				08AE3CE71F629D5E00FC1381 /* JHActionSheetViewController.h */,
				08AE3CE81F629D5E00FC1381 /* JHActionSheetViewController.m */,
			);
			path = JHActioinSheet;
			sourceTree = "<group>";
		};
		08AE3CE91F629D5E00FC1381 /* JHAlertView */ = {
			isa = PBXGroup;
			children = (
				08AE3CEA1F629D5E00FC1381 /* JHAlertView.h */,
				08AE3CEB1F629D5E00FC1381 /* JHAlertView.m */,
			);
			path = JHAlertView;
			sourceTree = "<group>";
		};
		08AE3CEC1F629D5E00FC1381 /* JHBaseChildVC */ = {
			isa = PBXGroup;
			children = (
				08AE3CED1F629D5E00FC1381 /* JHBaseChildVC.h */,
				08AE3CEE1F629D5E00FC1381 /* JHBaseChildVC.m */,
			);
			path = JHBaseChildVC;
			sourceTree = "<group>";
		};
		08AE3CEF1F629D5E00FC1381 /* JHCircleView */ = {
			isa = PBXGroup;
			children = (
				08AE3CF01F629D5E00FC1381 /* JHCircleView.h */,
				08AE3CF11F629D5E00FC1381 /* JHCircleView.m */,
			);
			path = JHCircleView;
			sourceTree = "<group>";
		};
		08AE3CF21F629D5E00FC1381 /* JHGradualProgressView */ = {
			isa = PBXGroup;
			children = (
				08AE3CF31F629D5E00FC1381 /* JHGradualProgressView.h */,
				08AE3CF41F629D5E00FC1381 /* JHGradualProgressView.m */,
			);
			path = JHGradualProgressView;
			sourceTree = "<group>";
		};
		08AE3CF51F629D5E00FC1381 /* JHGuidePageView */ = {
			isa = PBXGroup;
			children = (
				08AE3CF61F629D5E00FC1381 /* JHGuidePageView.h */,
				08AE3CF71F629D5E00FC1381 /* JHGuidePageView.m */,
			);
			path = JHGuidePageView;
			sourceTree = "<group>";
		};
		08AE3CF81F629D5E00FC1381 /* JHHolderTextView */ = {
			isa = PBXGroup;
			children = (
				08AE3CF91F629D5E00FC1381 /* JHHolderTextView.h */,
				08AE3CFA1F629D5E00FC1381 /* JHHolderTextView.m */,
			);
			path = JHHolderTextView;
			sourceTree = "<group>";
		};
		08AE3CFB1F629D5E00FC1381 /* JHImageClipView */ = {
			isa = PBXGroup;
			children = (
				08AE3CFC1F629D5E00FC1381 /* JHImageClipView.h */,
				08AE3CFD1F629D5E00FC1381 /* JHImageClipView.m */,
			);
			path = JHImageClipView;
			sourceTree = "<group>";
		};
		08AE3CFE1F629D5E00FC1381 /* JHScrollLabel */ = {
			isa = PBXGroup;
			children = (
				08AE3CFF1F629D5E00FC1381 /* JHScrollLabel.h */,
				08AE3D001F629D5E00FC1381 /* JHScrollLabel.m */,
			);
			path = JHScrollLabel;
			sourceTree = "<group>";
		};
		08AE3D011F629D5E00FC1381 /* JHSuggestionView */ = {
			isa = PBXGroup;
			children = (
				08AE3D021F629D5E00FC1381 /* JHSuggestionView.h */,
				08AE3D031F629D5E00FC1381 /* JHSuggestionView.m */,
			);
			path = JHSuggestionView;
			sourceTree = "<group>";
		};
		08AE3D041F629D5E00FC1381 /* JHTableViewCell */ = {
			isa = PBXGroup;
			children = (
				08AE3D051F629D5E00FC1381 /* JHTableViewCell.h */,
				08AE3D061F629D5E00FC1381 /* JHTableViewCell.m */,
			);
			path = JHTableViewCell;
			sourceTree = "<group>";
		};
		08AE3D071F629D5E00FC1381 /* JHTopSlideInputVC */ = {
			isa = PBXGroup;
			children = (
				08AE3D081F629D5E00FC1381 /* JHTopSlideInputVC.h */,
				08AE3D091F629D5E00FC1381 /* JHTopSlideInputVC.m */,
			);
			path = JHTopSlideInputVC;
			sourceTree = "<group>";
		};
		08C6D2FC1DF1797A00EB8C11 = {
			isa = PBXGroup;
			children = (
				08C6D3071DF1797B00EB8C11 /* JHAutoLayout */,
				08C6D3211DF1797C00EB8C11 /* JHAutoLayoutTests */,
				08C6D3061DF1797A00EB8C11 /* Products */,
			);
			sourceTree = "<group>";
		};
		08C6D3061DF1797A00EB8C11 /* Products */ = {
			isa = PBXGroup;
			children = (
				08C6D3051DF1797A00EB8C11 /* JHAutoLayout.app */,
				08C6D31E1DF1797C00EB8C11 /* JHAutoLayoutTests.xctest */,
			);
			name = Products;
			sourceTree = "<group>";
		};
		08C6D3071DF1797B00EB8C11 /* JHAutoLayout */ = {
			isa = PBXGroup;
			children = (
				08AE3CAF1F629D5E00FC1381 /* JHKit */,
				08C6D30B1DF1797B00EB8C11 /* AppDelegate.h */,
				08C6D30C1DF1797B00EB8C11 /* AppDelegate.m */,
				0856FD8B1F3316BE00BC9BA3 /* JHTabBarViewController.h */,
				0856FD8C1F3316BE00BC9BA3 /* JHTabBarViewController.m */,
				0856FD8E1F33172E00BC9BA3 /* JHNavigationController.h */,
				0856FD8F1F33172E00BC9BA3 /* JHNavigationController.m */,
				0856FD911F33182800BC9BA3 /* JHTabBar.h */,
				0856FD921F33182800BC9BA3 /* JHTabBar.m */,
				08C6D30E1DF1797B00EB8C11 /* ViewController.h */,
				08C6D30F1DF1797B00EB8C11 /* ViewController.m */,
				08C6D32D1DF179B000EB8C11 /* SecondViewController.h */,
				08C6D32E1DF179B000EB8C11 /* SecondViewController.m */,
				08C6D3111DF1797B00EB8C11 /* Main.storyboard */,
				08C6D3141DF1797B00EB8C11 /* Assets.xcassets */,
				08C6D3161DF1797B00EB8C11 /* LaunchScreen.storyboard */,
				08C6D3191DF1797B00EB8C11 /* Info.plist */,
				08C6D3081DF1797B00EB8C11 /* Supporting Files */,
			);
			path = JHAutoLayout;
			sourceTree = "<group>";
		};
		08C6D3081DF1797B00EB8C11 /* Supporting Files */ = {
			isa = PBXGroup;
			children = (
				08C6D3091DF1797B00EB8C11 /* main.m */,
			);
			name = "Supporting Files";
			sourceTree = "<group>";
		};
		08C6D3211DF1797C00EB8C11 /* JHAutoLayoutTests */ = {
			isa = PBXGroup;
			children = (
				08C6D3221DF1797C00EB8C11 /* JHAutoLayoutTests.m */,
				08C6D3241DF1797C00EB8C11 /* Info.plist */,
			);
			path = JHAutoLayoutTests;
			sourceTree = "<group>";
		};
/* End PBXGroup section */

/* Begin PBXNativeTarget section */
		08C6D3041DF1797A00EB8C11 /* JHAutoLayout */ = {
			isa = PBXNativeTarget;
			buildConfigurationList = 08C6D3271DF1797C00EB8C11 /* Build configuration list for PBXNativeTarget "JHAutoLayout" */;
			buildPhases = (
				08C6D3011DF1797A00EB8C11 /* Sources */,
				08C6D3021DF1797A00EB8C11 /* Frameworks */,
				08C6D3031DF1797A00EB8C11 /* Resources */,
			);
			buildRules = (
			);
			dependencies = (
			);
			name = JHAutoLayout;
			productName = JHAutoLayout;
			productReference = 08C6D3051DF1797A00EB8C11 /* JHAutoLayout.app */;
			productType = "com.apple.product-type.application";
		};
		08C6D31D1DF1797C00EB8C11 /* JHAutoLayoutTests */ = {
			isa = PBXNativeTarget;
			buildConfigurationList = 08C6D32A1DF1797C00EB8C11 /* Build configuration list for PBXNativeTarget "JHAutoLayoutTests" */;
			buildPhases = (
				08C6D31A1DF1797C00EB8C11 /* Sources */,
				08C6D31B1DF1797C00EB8C11 /* Frameworks */,
				08C6D31C1DF1797C00EB8C11 /* Resources */,
			);
			buildRules = (
			);
			dependencies = (
				08C6D3201DF1797C00EB8C11 /* PBXTargetDependency */,
			);
			name = JHAutoLayoutTests;
			productName = JHAutoLayoutTests;
			productReference = 08C6D31E1DF1797C00EB8C11 /* JHAutoLayoutTests.xctest */;
			productType = "com.apple.product-type.bundle.unit-test";
		};
/* End PBXNativeTarget section */

/* Begin PBXProject section */
		08C6D2FD1DF1797A00EB8C11 /* Project object */ = {
			isa = PBXProject;
			attributes = {
				LastUpgradeCheck = 0730;
				ORGANIZATIONNAME = HaoCold;
				TargetAttributes = {
					08C6D3041DF1797A00EB8C11 = {
						CreatedOnToolsVersion = 7.3.1;
						DevelopmentTeam = D8MERC5W3E;
						ProvisioningStyle = Manual;
					};
					08C6D31D1DF1797C00EB8C11 = {
						CreatedOnToolsVersion = 7.3.1;
						TestTargetID = 08C6D3041DF1797A00EB8C11;
					};
				};
			};
			buildConfigurationList = 08C6D3001DF1797A00EB8C11 /* Build configuration list for PBXProject "JHAutoLayout" */;
			compatibilityVersion = "Xcode 3.2";
			developmentRegion = English;
			hasScannedForEncodings = 0;
			knownRegions = (
				en,
				Base,
			);
			mainGroup = 08C6D2FC1DF1797A00EB8C11;
			productRefGroup = 08C6D3061DF1797A00EB8C11 /* Products */;
			projectDirPath = "";
			projectRoot = "";
			targets = (
				08C6D3041DF1797A00EB8C11 /* JHAutoLayout */,
				08C6D31D1DF1797C00EB8C11 /* JHAutoLayoutTests */,
			);
		};
/* End PBXProject section */

/* Begin PBXResourcesBuildPhase section */
		08C6D3031DF1797A00EB8C11 /* Resources */ = {
			isa = PBXResourcesBuildPhase;
			buildActionMask = 2147483647;
			files = (
				08C6D3181DF1797B00EB8C11 /* LaunchScreen.storyboard in Resources */,
				08C6D3151DF1797B00EB8C11 /* Assets.xcassets in Resources */,
				08C6D3131DF1797B00EB8C11 /* Main.storyboard in Resources */,
			);
			runOnlyForDeploymentPostprocessing = 0;
		};
		08C6D31C1DF1797C00EB8C11 /* Resources */ = {
			isa = PBXResourcesBuildPhase;
			buildActionMask = 2147483647;
			files = (
			);
			runOnlyForDeploymentPostprocessing = 0;
		};
/* End PBXResourcesBuildPhase section */

/* Begin PBXSourcesBuildPhase section */
		08C6D3011DF1797A00EB8C11 /* Sources */ = {
			isa = PBXSourcesBuildPhase;
			buildActionMask = 2147483647;
			files = (
				0856FD8D1F3316BE00BC9BA3 /* JHTabBarViewController.m in Sources */,
				08AE3D131F629D5E00FC1381 /* UIButton+JHCategory.m in Sources */,
				08AE3D181F629D5E00FC1381 /* UIScrollView+JHCategory.m in Sources */,
				08AE3D251F629D5E00FC1381 /* JHAlertView.m in Sources */,
				08AE3D111F629D5E00FC1381 /* UIActivityIndicatorView+JHCategory.m in Sources */,
				08AE3D1C1F629D5E00FC1381 /* UITextView+JHCategory.m in Sources */,
				08AE3D281F629D5E00FC1381 /* JHGradualProgressView.m in Sources */,
				0856FD901F33172E00BC9BA3 /* JHNavigationController.m in Sources */,
				08AE3D161F629D5E00FC1381 /* UIImageView+JHCategory.m in Sources */,
				08AE3D271F629D5E00FC1381 /* JHCircleView.m in Sources */,
				08AE3D151F629D5E00FC1381 /* UIFont+JHCategory.m in Sources */,
				08AE3D221F629D5E00FC1381 /* JHLocationManager.m in Sources */,
				08AE3D191F629D5E00FC1381 /* UISwitch+JHCategory.m in Sources */,
				08AE3D2F1F629D5E00FC1381 /* JHTopSlideInputVC.m in Sources */,
				08AE3D311F629D5E00FC1381 /* JHUIKit.m in Sources */,
				08AE3D2C1F629D5E00FC1381 /* JHScrollLabel.m in Sources */,
				08AE3D211F629D5E00FC1381 /* JHFileManager.m in Sources */,
				08AE3D1E1F629D5E00FC1381 /* UIView+JHCategory.m in Sources */,
				08C6D3311DF179B000EB8C11 /* SecondViewController.m in Sources */,
				08AE3D291F629D5E00FC1381 /* JHGuidePageView.m in Sources */,
				08AE3D1B1F629D5E00FC1381 /* UITextField+JHCategory.m in Sources */,
				08AE3D1F1F629D5E00FC1381 /* UIView+JHDrawCategory.m in Sources */,
				08AE3D301F629D5E00FC1381 /* JHFoundationKit.m in Sources */,
				08AE3D0F1F629D5E00FC1381 /* NSString+JHCaculationOfStringFormula.m in Sources */,
				08AE3D1A1F629D5E00FC1381 /* UITableView+JHCategory.m in Sources */,
				08AE3D201F629D5E00FC1381 /* UIView+JHRectCategory.m in Sources */,
				08AE3D231F629D5E00FC1381 /* JHPhotoChangeManager.m in Sources */,
				08AE3D2D1F629D5E00FC1381 /* JHSuggestionView.m in Sources */,
				08AE3D171F629D5E00FC1381 /* UILabel+JHCategory.m in Sources */,
				08AE3D121F629D5E00FC1381 /* UIAlertController+JHCategory.m in Sources */,
				08AE3D1D1F629D5E00FC1381 /* UIView+JHAutoLayoutCategory.m in Sources */,
				08AE3D101F629D5E00FC1381 /* UIImage+ScreenShot.m in Sources */,
				0856FD931F33182800BC9BA3 /* JHTabBar.m in Sources */,
				08C6D3101DF1797B00EB8C11 /* ViewController.m in Sources */,
				08C6D30D1DF1797B00EB8C11 /* AppDelegate.m in Sources */,
				08AE3D2E1F629D5E00FC1381 /* JHTableViewCell.m in Sources */,
				08AE3D241F629D5E00FC1381 /* JHActionSheetViewController.m in Sources */,
				08C6D30A1DF1797B00EB8C11 /* main.m in Sources */,
				08AE3D2B1F629D5E00FC1381 /* JHImageClipView.m in Sources */,
				08AE3D141F629D5E00FC1381 /* UIColor+JHCategory.m in Sources */,
				08AE3D2A1F629D5E00FC1381 /* JHHolderTextView.m in Sources */,
				08AE3D261F629D5E00FC1381 /* JHBaseChildVC.m in Sources */,
			);
			runOnlyForDeploymentPostprocessing = 0;
		};
		08C6D31A1DF1797C00EB8C11 /* Sources */ = {
			isa = PBXSourcesBuildPhase;
			buildActionMask = 2147483647;
			files = (
				08C6D3231DF1797C00EB8C11 /* JHAutoLayoutTests.m in Sources */,
			);
			runOnlyForDeploymentPostprocessing = 0;
		};
/* End PBXSourcesBuildPhase section */

/* Begin PBXTargetDependency section */
		08C6D3201DF1797C00EB8C11 /* PBXTargetDependency */ = {
			isa = PBXTargetDependency;
			target = 08C6D3041DF1797A00EB8C11 /* JHAutoLayout */;
			targetProxy = 08C6D31F1DF1797C00EB8C11 /* PBXContainerItemProxy */;
		};
/* End PBXTargetDependency section */

/* Begin PBXVariantGroup section */
		08C6D3111DF1797B00EB8C11 /* Main.storyboard */ = {
			isa = PBXVariantGroup;
			children = (
				08C6D3121DF1797B00EB8C11 /* Base */,
			);
			name = Main.storyboard;
			sourceTree = "<group>";
		};
		08C6D3161DF1797B00EB8C11 /* LaunchScreen.storyboard */ = {
			isa = PBXVariantGroup;
			children = (
				08C6D3171DF1797B00EB8C11 /* Base */,
			);
			name = LaunchScreen.storyboard;
			sourceTree = "<group>";
		};
/* End PBXVariantGroup section */

/* Begin XCBuildConfiguration section */
		08C6D3251DF1797C00EB8C11 /* Debug */ = {
			isa = XCBuildConfiguration;
			buildSettings = {
				ALWAYS_SEARCH_USER_PATHS = NO;
				CLANG_ANALYZER_NONNULL = YES;
				CLANG_CXX_LANGUAGE_STANDARD = "gnu++0x";
				CLANG_CXX_LIBRARY = "libc++";
				CLANG_ENABLE_MODULES = YES;
				CLANG_ENABLE_OBJC_ARC = YES;
				CLANG_WARN_BOOL_CONVERSION = YES;
				CLANG_WARN_CONSTANT_CONVERSION = YES;
				CLANG_WARN_DIRECT_OBJC_ISA_USAGE = YES_ERROR;
				CLANG_WARN_EMPTY_BODY = YES;
				CLANG_WARN_ENUM_CONVERSION = YES;
				CLANG_WARN_INT_CONVERSION = YES;
				CLANG_WARN_OBJC_ROOT_CLASS = YES_ERROR;
				CLANG_WARN_UNREACHABLE_CODE = YES;
				CLANG_WARN__DUPLICATE_METHOD_MATCH = YES;
				"CODE_SIGN_IDENTITY[sdk=iphoneos*]" = "iPhone Developer";
				COPY_PHASE_STRIP = NO;
				DEBUG_INFORMATION_FORMAT = dwarf;
				ENABLE_STRICT_OBJC_MSGSEND = YES;
				ENABLE_TESTABILITY = YES;
				GCC_C_LANGUAGE_STANDARD = gnu99;
				GCC_DYNAMIC_NO_PIC = NO;
				GCC_NO_COMMON_BLOCKS = YES;
				GCC_OPTIMIZATION_LEVEL = 0;
				GCC_PREPROCESSOR_DEFINITIONS = (
					"DEBUG=1",
					"$(inherited)",
				);
				GCC_WARN_64_TO_32_BIT_CONVERSION = YES;
				GCC_WARN_ABOUT_RETURN_TYPE = YES_ERROR;
				GCC_WARN_UNDECLARED_SELECTOR = YES;
				GCC_WARN_UNINITIALIZED_AUTOS = YES_AGGRESSIVE;
				GCC_WARN_UNUSED_FUNCTION = YES;
				GCC_WARN_UNUSED_VARIABLE = YES;
				IPHONEOS_DEPLOYMENT_TARGET = 9.3;
				MTL_ENABLE_DEBUG_INFO = YES;
				ONLY_ACTIVE_ARCH = YES;
				SDKROOT = iphoneos;
				TARGETED_DEVICE_FAMILY = "1,2";
			};
			name = Debug;
		};
		08C6D3261DF1797C00EB8C11 /* Release */ = {
			isa = XCBuildConfiguration;
			buildSettings = {
				ALWAYS_SEARCH_USER_PATHS = NO;
				CLANG_ANALYZER_NONNULL = YES;
				CLANG_CXX_LANGUAGE_STANDARD = "gnu++0x";
				CLANG_CXX_LIBRARY = "libc++";
				CLANG_ENABLE_MODULES = YES;
				CLANG_ENABLE_OBJC_ARC = YES;
				CLANG_WARN_BOOL_CONVERSION = YES;
				CLANG_WARN_CONSTANT_CONVERSION = YES;
				CLANG_WARN_DIRECT_OBJC_ISA_USAGE = YES_ERROR;
				CLANG_WARN_EMPTY_BODY = YES;
				CLANG_WARN_ENUM_CONVERSION = YES;
				CLANG_WARN_INT_CONVERSION = YES;
				CLANG_WARN_OBJC_ROOT_CLASS = YES_ERROR;
				CLANG_WARN_UNREACHABLE_CODE = YES;
				CLANG_WARN__DUPLICATE_METHOD_MATCH = YES;
				"CODE_SIGN_IDENTITY[sdk=iphoneos*]" = "iPhone Developer";
				COPY_PHASE_STRIP = NO;
				DEBUG_INFORMATION_FORMAT = "dwarf-with-dsym";
				ENABLE_NS_ASSERTIONS = NO;
				ENABLE_STRICT_OBJC_MSGSEND = YES;
				GCC_C_LANGUAGE_STANDARD = gnu99;
				GCC_NO_COMMON_BLOCKS = YES;
				GCC_WARN_64_TO_32_BIT_CONVERSION = YES;
				GCC_WARN_ABOUT_RETURN_TYPE = YES_ERROR;
				GCC_WARN_UNDECLARED_SELECTOR = YES;
				GCC_WARN_UNINITIALIZED_AUTOS = YES_AGGRESSIVE;
				GCC_WARN_UNUSED_FUNCTION = YES;
				GCC_WARN_UNUSED_VARIABLE = YES;
				IPHONEOS_DEPLOYMENT_TARGET = 9.3;
				MTL_ENABLE_DEBUG_INFO = NO;
				SDKROOT = iphoneos;
				TARGETED_DEVICE_FAMILY = "1,2";
				VALIDATE_PRODUCT = YES;
			};
			name = Release;
		};
		08C6D3281DF1797C00EB8C11 /* Debug */ = {
			isa = XCBuildConfiguration;
			buildSettings = {
				ASSETCATALOG_COMPILER_APPICON_NAME = AppIcon;
				DEVELOPMENT_TEAM = D8MERC5W3E;
				INFOPLIST_FILE = JHAutoLayout/Info.plist;
				IPHONEOS_DEPLOYMENT_TARGET = 8.0;
				LD_RUNPATH_SEARCH_PATHS = "$(inherited) @executable_path/Frameworks";
				PRODUCT_BUNDLE_IDENTIFIER = com.haocold.JHAutoLayout;
				PRODUCT_NAME = "$(TARGET_NAME)";
				PROVISIONING_PROFILE = "a2f611af-f7a3-4416-beaf-4f0563baf566";
				PROVISIONING_PROFILE_SPECIFIER = HaoCold_dev;
			};
			name = Debug;
		};
		08C6D3291DF1797C00EB8C11 /* Release */ = {
			isa = XCBuildConfiguration;
			buildSettings = {
				ASSETCATALOG_COMPILER_APPICON_NAME = AppIcon;
				DEVELOPMENT_TEAM = D8MERC5W3E;
				INFOPLIST_FILE = JHAutoLayout/Info.plist;
				IPHONEOS_DEPLOYMENT_TARGET = 8.0;
				LD_RUNPATH_SEARCH_PATHS = "$(inherited) @executable_path/Frameworks";
				PRODUCT_BUNDLE_IDENTIFIER = com.haocold.JHAutoLayout;
				PRODUCT_NAME = "$(TARGET_NAME)";
				PROVISIONING_PROFILE = "a2f611af-f7a3-4416-beaf-4f0563baf566";
				PROVISIONING_PROFILE_SPECIFIER = HaoCold_dev;
			};
			name = Release;
		};
		08C6D32B1DF1797C00EB8C11 /* Debug */ = {
			isa = XCBuildConfiguration;
			buildSettings = {
				BUNDLE_LOADER = "$(TEST_HOST)";
				INFOPLIST_FILE = JHAutoLayoutTests/Info.plist;
				LD_RUNPATH_SEARCH_PATHS = "$(inherited) @executable_path/Frameworks @loader_path/Frameworks";
				PRODUCT_BUNDLE_IDENTIFIER = com.HaoCold.JHAutoLayoutTests;
				PRODUCT_NAME = "$(TARGET_NAME)";
				TEST_HOST = "$(BUILT_PRODUCTS_DIR)/JHAutoLayout.app/JHAutoLayout";
			};
			name = Debug;
		};
		08C6D32C1DF1797C00EB8C11 /* Release */ = {
			isa = XCBuildConfiguration;
			buildSettings = {
				BUNDLE_LOADER = "$(TEST_HOST)";
				INFOPLIST_FILE = JHAutoLayoutTests/Info.plist;
				LD_RUNPATH_SEARCH_PATHS = "$(inherited) @executable_path/Frameworks @loader_path/Frameworks";
				PRODUCT_BUNDLE_IDENTIFIER = com.HaoCold.JHAutoLayoutTests;
				PRODUCT_NAME = "$(TARGET_NAME)";
				TEST_HOST = "$(BUILT_PRODUCTS_DIR)/JHAutoLayout.app/JHAutoLayout";
			};
			name = Release;
		};
/* End XCBuildConfiguration section */

/* Begin XCConfigurationList section */
		08C6D3001DF1797A00EB8C11 /* Build configuration list for PBXProject "JHAutoLayout" */ = {
			isa = XCConfigurationList;
			buildConfigurations = (
				08C6D3251DF1797C00EB8C11 /* Debug */,
				08C6D3261DF1797C00EB8C11 /* Release */,
			);
			defaultConfigurationIsVisible = 0;
			defaultConfigurationName = Release;
		};
		08C6D3271DF1797C00EB8C11 /* Build configuration list for PBXNativeTarget "JHAutoLayout" */ = {
			isa = XCConfigurationList;
			buildConfigurations = (
				08C6D3281DF1797C00EB8C11 /* Debug */,
				08C6D3291DF1797C00EB8C11 /* Release */,
			);
			defaultConfigurationIsVisible = 0;
			defaultConfigurationName = Release;
		};
		08C6D32A1DF1797C00EB8C11 /* Build configuration list for PBXNativeTarget "JHAutoLayoutTests" */ = {
			isa = XCConfigurationList;
			buildConfigurations = (
				08C6D32B1DF1797C00EB8C11 /* Debug */,
				08C6D32C1DF1797C00EB8C11 /* Release */,
			);
			defaultConfigurationIsVisible = 0;
			defaultConfigurationName = Release;
		};
/* End XCConfigurationList section */
	};
	rootObject = 08C6D2FD1DF1797A00EB8C11 /* Project object */;
}
